
Microsoft Visual Studio Solution File, Format Version 12.00
# Visual Studio Version 17
VisualStudioVersion = 17.3.32825.248
MinimumVisualStudioVersion = 10.0.40219.1
Project("{FAE04EC0-301F-11D3-BF4B-00C04F79EFBC}") = "Front End System", "Front End System\Front End System.csproj", "{41F65090-81D1-4715-9E5F-09EDD76C5073}"
EndProject
Global
	GlobalSection(SolutionConfigurationPlatforms) = preSolution
		Debug|Any CPU = Debug|Any CPU
		Release|Any CPU = Release|Any CPU
	EndGlobalSection
	GlobalSection(ProjectConfigurationPlatforms) = postSolution
		{41F65090-81D1-4715-9E5F-09EDD76C5073}.Debug|Any CPU.ActiveCfg = Debug|Any CPU
		{41F65090-81D1-4715-9E5F-09EDD76C5073}.Debug|Any CPU.Build.0 = Debug|Any CPU
		{41F65090-81D1-4715-9E5F-09EDD76C5073}.Release|Any CPU.ActiveCfg = Release|Any CPU
		{41F65090-81D1-4715-9E5F-09EDD76C5073}.Release|Any CPU.Build.0 = Release|Any CPU
	EndGlobalSection
	GlobalSection(SolutionProperties) = preSolution
		HideSolutionNode = FALSE
	EndGlobalSection
	GlobalSection(ExtensibilityGlobals) = postSolution
		SolutionGuid = {7EB546A5-B58A-4EB7-A6C5-DAE3AC120709}
	EndGlobalSection
EndGlobal
